
Microsoft Visual Studio Solution File, Format Version 12.00
# Visual Studio Version 16
VisualStudioVersion = 16.0.30114.105
MinimumVisualStudioVersion = 10.0.40219.1
Project("{2150E333-8FDC-42A3-9474-1A3956D46DE8}") = "src", "src", "{69F94C69-D4A8-4347-BCF6-A28CA7A2EBA4}"
EndProject
Project("{FAE04EC0-301F-11D3-BF4B-00C04F79EFBC}") = "MsSqlCdc", "src\MsSqlCdc\MsSqlCdc.csproj", "{5349AA55-B231-44AA-B411-97590DB9BA49}"
EndProject
Project("{2150E333-8FDC-42A3-9474-1A3956D46DE8}") = "examples", "examples", "{5DFEC30A-0E3B-42CA-A0EA-6743821DE000}"
EndProject
Project("{FAE04EC0-301F-11D3-BF4B-00C04F79EFBC}") = "Example", "examples\Example\Example.csproj", "{7DC5DA8F-274F-4586-97F4-490E0F12AE09}"
EndProject
Project("{2150E333-8FDC-42A3-9474-1A3956D46DE8}") = "test", "test", "{E9EECC5D-1729-4F68-B525-BD7CEE63BC05}"
EndProject
Project("{FAE04EC0-301F-11D3-BF4B-00C04F79EFBC}") = "MsSqlCdc.Tests", "test\MsSqlCdc.Tests\MsSqlCdc.Tests.csproj", "{B9FA94EC-6E90-43CA-ACB6-D5BE12AB90AF}"
EndProject
Global
	GlobalSection(SolutionConfigurationPlatforms) = preSolution
		Debug|Any CPU = Debug|Any CPU
		Release|Any CPU = Release|Any CPU
	EndGlobalSection
	GlobalSection(SolutionProperties) = preSolution
		HideSolutionNode = FALSE
	EndGlobalSection
	GlobalSection(ProjectConfigurationPlatforms) = postSolution
		{5349AA55-B231-44AA-B411-97590DB9BA49}.Debug|Any CPU.ActiveCfg = Debug|Any CPU
		{5349AA55-B231-44AA-B411-97590DB9BA49}.Debug|Any CPU.Build.0 = Debug|Any CPU
		{5349AA55-B231-44AA-B411-97590DB9BA49}.Release|Any CPU.ActiveCfg = Release|Any CPU
		{5349AA55-B231-44AA-B411-97590DB9BA49}.Release|Any CPU.Build.0 = Release|Any CPU
		{7DC5DA8F-274F-4586-97F4-490E0F12AE09}.Debug|Any CPU.ActiveCfg = Debug|Any CPU
		{7DC5DA8F-274F-4586-97F4-490E0F12AE09}.Debug|Any CPU.Build.0 = Debug|Any CPU
		{7DC5DA8F-274F-4586-97F4-490E0F12AE09}.Release|Any CPU.ActiveCfg = Release|Any CPU
		{7DC5DA8F-274F-4586-97F4-490E0F12AE09}.Release|Any CPU.Build.0 = Release|Any CPU
		{B9FA94EC-6E90-43CA-ACB6-D5BE12AB90AF}.Debug|Any CPU.ActiveCfg = Debug|Any CPU
		{B9FA94EC-6E90-43CA-ACB6-D5BE12AB90AF}.Debug|Any CPU.Build.0 = Debug|Any CPU
		{B9FA94EC-6E90-43CA-ACB6-D5BE12AB90AF}.Release|Any CPU.ActiveCfg = Release|Any CPU
		{B9FA94EC-6E90-43CA-ACB6-D5BE12AB90AF}.Release|Any CPU.Build.0 = Release|Any CPU
	EndGlobalSection
	GlobalSection(NestedProjects) = preSolution
		{5349AA55-B231-44AA-B411-97590DB9BA49} = {69F94C69-D4A8-4347-BCF6-A28CA7A2EBA4}
		{7DC5DA8F-274F-4586-97F4-490E0F12AE09} = {5DFEC30A-0E3B-42CA-A0EA-6743821DE000}
		{B9FA94EC-6E90-43CA-ACB6-D5BE12AB90AF} = {E9EECC5D-1729-4F68-B525-BD7CEE63BC05}
	EndGlobalSection
EndGlobal
